// !$*UTF8*$!
{
	archiveVersion = 1;
	classes = {
	};
	objectVersion = 56;
	objects = {

/* Begin PBXBuildFile section */
		B05F073A2A88B66F00BA3AC8 /* ErrorResponse.swift in Sources */ = {isa = PBXBuildFile; fileRef = B05F07392A88B66F00BA3AC8 /* ErrorResponse.swift */; };
		B08BE35D2A88E00200D99508 /* MasterTableViewCellViewModel.swift in Sources */ = {isa = PBXBuildFile; fileRef = B08BE35C2A88E00200D99508 /* MasterTableViewCellViewModel.swift */; };
		B08BE3602A88EC9F00D99508 /* HomeTableViewCellViewModelDelegate.swift in Sources */ = {isa = PBXBuildFile; fileRef = B08BE35F2A88EC9F00D99508 /* HomeTableViewCellViewModelDelegate.swift */; };
		B08BE3622A88ECC400D99508 /* MasterDelegate.swift in Sources */ = {isa = PBXBuildFile; fileRef = B08BE3612A88ECC400D99508 /* MasterDelegate.swift */; };
		B08BE3662A88F8A300D99508 /* DetailViewController.swift in Sources */ = {isa = PBXBuildFile; fileRef = B08BE3642A88F8A300D99508 /* DetailViewController.swift */; };
		B08BE36A2A88FB2500D99508 /* DetailViewModel.swift in Sources */ = {isa = PBXBuildFile; fileRef = B08BE3692A88FB2500D99508 /* DetailViewModel.swift */; };
		B08BE36D2A8912C700D99508 /* SplitViewController.swift in Sources */ = {isa = PBXBuildFile; fileRef = B08BE36C2A8912C700D99508 /* SplitViewController.swift */; };
		B08BE3722A8949D500D99508 /* MasterArticlesRepository.swift in Sources */ = {isa = PBXBuildFile; fileRef = B08BE3712A8949D500D99508 /* MasterArticlesRepository.swift */; };
		B08BE3772A894E4400D99508 /* NetworkUtils.swift in Sources */ = {isa = PBXBuildFile; fileRef = B08BE3762A894E4400D99508 /* NetworkUtils.swift */; };
		B08BE37A2A895CFC00D99508 /* VCExtension.swift in Sources */ = {isa = PBXBuildFile; fileRef = B08BE3792A895CFC00D99508 /* VCExtension.swift */; };
		B08BE3822A89890800D99508 /* NewsAppTests.swift in Sources */ = {isa = PBXBuildFile; fileRef = B08BE3812A89890800D99508 /* NewsAppTests.swift */; };
		B08BE3892A898BE800D99508 /* NetworkTest.swift in Sources */ = {isa = PBXBuildFile; fileRef = B08BE3882A898BE800D99508 /* NetworkTest.swift */; };
		B0E4AAE42A87B48D00877B4B /* AppDelegate.swift in Sources */ = {isa = PBXBuildFile; fileRef = B0E4AAE32A87B48D00877B4B /* AppDelegate.swift */; };
		B0E4AAE62A87B48D00877B4B /* SceneDelegate.swift in Sources */ = {isa = PBXBuildFile; fileRef = B0E4AAE52A87B48D00877B4B /* SceneDelegate.swift */; };
		B0E4AAE82A87B48D00877B4B /* MasterViewController.swift in Sources */ = {isa = PBXBuildFile; fileRef = B0E4AAE72A87B48D00877B4B /* MasterViewController.swift */; };
		B0E4AAEB2A87B48D00877B4B /* Home.storyboard in Resources */ = {isa = PBXBuildFile; fileRef = B0E4AAE92A87B48D00877B4B /* Home.storyboard */; };
		B0E4AAED2A87B48D00877B4B /* Assets.xcassets in Resources */ = {isa = PBXBuildFile; fileRef = B0E4AAEC2A87B48D00877B4B /* Assets.xcassets */; };
		B0E4AAF02A87B48D00877B4B /* LaunchScreen.storyboard in Resources */ = {isa = PBXBuildFile; fileRef = B0E4AAEE2A87B48D00877B4B /* LaunchScreen.storyboard */; };
		B0F91F152A87EC10007D752A /* MasterTableViewCell.swift in Sources */ = {isa = PBXBuildFile; fileRef = B0F91F132A87EC10007D752A /* MasterTableViewCell.swift */; };
		B0F91F162A87EC10007D752A /* MasterTableViewCell.xib in Resources */ = {isa = PBXBuildFile; fileRef = B0F91F142A87EC10007D752A /* MasterTableViewCell.xib */; };
		B0F91F192A881706007D752A /* Constants.swift in Sources */ = {isa = PBXBuildFile; fileRef = B0F91F182A881706007D752A /* Constants.swift */; };
		B0F91F1D2A8819A4007D752A /* ArticleResponse.swift in Sources */ = {isa = PBXBuildFile; fileRef = B0F91F1C2A8819A4007D752A /* ArticleResponse.swift */; };
		B0F91F1F2A881A7A007D752A /* ArticleResult.swift in Sources */ = {isa = PBXBuildFile; fileRef = B0F91F1E2A881A7A007D752A /* ArticleResult.swift */; };
		B0F91F212A881B89007D752A /* Media.swift in Sources */ = {isa = PBXBuildFile; fileRef = B0F91F202A881B89007D752A /* Media.swift */; };
		B0F91F232A881BE0007D752A /* MetaData.swift in Sources */ = {isa = PBXBuildFile; fileRef = B0F91F222A881BE0007D752A /* MetaData.swift */; };
		B0F91F262A8828EF007D752A /* KeyChain.swift in Sources */ = {isa = PBXBuildFile; fileRef = B0F91F252A8828EF007D752A /* KeyChain.swift */; };
		B0F91F282A88344E007D752A /* MasterViewModel.swift in Sources */ = {isa = PBXBuildFile; fileRef = B0F91F272A88344E007D752A /* MasterViewModel.swift */; };
/* End PBXBuildFile section */

/* Begin PBXContainerItemProxy section */
		B08BE3832A89890800D99508 /* PBXContainerItemProxy */ = {
			isa = PBXContainerItemProxy;
			containerPortal = B0E4AAD82A87B48C00877B4B /* Project object */;
			proxyType = 1;
			remoteGlobalIDString = B0E4AADF2A87B48D00877B4B;
			remoteInfo = NewsApp;
		};
/* End PBXContainerItemProxy section */

/* Begin PBXFileReference section */
		B05F07392A88B66F00BA3AC8 /* ErrorResponse.swift */ = {isa = PBXFileReference; lastKnownFileType = sourcecode.swift; path = ErrorResponse.swift; sourceTree = "<group>"; };
		B08BE35C2A88E00200D99508 /* MasterTableViewCellViewModel.swift */ = {isa = PBXFileReference; lastKnownFileType = sourcecode.swift; path = MasterTableViewCellViewModel.swift; sourceTree = "<group>"; };
		B08BE35F2A88EC9F00D99508 /* HomeTableViewCellViewModelDelegate.swift */ = {isa = PBXFileReference; lastKnownFileType = sourcecode.swift; path = HomeTableViewCellViewModelDelegate.swift; sourceTree = "<group>"; };
		B08BE3612A88ECC400D99508 /* MasterDelegate.swift */ = {isa = PBXFileReference; lastKnownFileType = sourcecode.swift; path = MasterDelegate.swift; sourceTree = "<group>"; };
		B08BE3642A88F8A300D99508 /* DetailViewController.swift */ = {isa = PBXFileReference; lastKnownFileType = sourcecode.swift; path = DetailViewController.swift; sourceTree = "<group>"; };
		B08BE3692A88FB2500D99508 /* DetailViewModel.swift */ = {isa = PBXFileReference; lastKnownFileType = sourcecode.swift; path = DetailViewModel.swift; sourceTree = "<group>"; };
		B08BE36C2A8912C700D99508 /* SplitViewController.swift */ = {isa = PBXFileReference; lastKnownFileType = sourcecode.swift; path = SplitViewController.swift; sourceTree = "<group>"; };
		B08BE3712A8949D500D99508 /* MasterArticlesRepository.swift */ = {isa = PBXFileReference; lastKnownFileType = sourcecode.swift; path = MasterArticlesRepository.swift; sourceTree = "<group>"; };
		B08BE3762A894E4400D99508 /* NetworkUtils.swift */ = {isa = PBXFileReference; lastKnownFileType = sourcecode.swift; path = NetworkUtils.swift; sourceTree = "<group>"; };
		B08BE3792A895CFC00D99508 /* VCExtension.swift */ = {isa = PBXFileReference; lastKnownFileType = sourcecode.swift; path = VCExtension.swift; sourceTree = "<group>"; };
		B08BE37F2A89890800D99508 /* NewsAppTests.xctest */ = {isa = PBXFileReference; explicitFileType = wrapper.cfbundle; includeInIndex = 0; path = NewsAppTests.xctest; sourceTree = BUILT_PRODUCTS_DIR; };
		B08BE3812A89890800D99508 /* NewsAppTests.swift */ = {isa = PBXFileReference; lastKnownFileType = sourcecode.swift; path = NewsAppTests.swift; sourceTree = "<group>"; };
		B08BE3882A898BE800D99508 /* NetworkTest.swift */ = {isa = PBXFileReference; lastKnownFileType = sourcecode.swift; path = NetworkTest.swift; sourceTree = "<group>"; };
		B0E4AAE02A87B48D00877B4B /* NewsApp.app */ = {isa = PBXFileReference; explicitFileType = wrapper.application; includeInIndex = 0; path = NewsApp.app; sourceTree = BUILT_PRODUCTS_DIR; };
		B0E4AAE32A87B48D00877B4B /* AppDelegate.swift */ = {isa = PBXFileReference; lastKnownFileType = sourcecode.swift; path = AppDelegate.swift; sourceTree = "<group>"; };
		B0E4AAE52A87B48D00877B4B /* SceneDelegate.swift */ = {isa = PBXFileReference; lastKnownFileType = sourcecode.swift; path = SceneDelegate.swift; sourceTree = "<group>"; };
		B0E4AAE72A87B48D00877B4B /* MasterViewController.swift */ = {isa = PBXFileReference; lastKnownFileType = sourcecode.swift; path = MasterViewController.swift; sourceTree = "<group>"; };
		B0E4AAEA2A87B48D00877B4B /* Base */ = {isa = PBXFileReference; lastKnownFileType = file.storyboard; name = Base; path = Base.lproj/Home.storyboard; sourceTree = "<group>"; };
		B0E4AAEC2A87B48D00877B4B /* Assets.xcassets */ = {isa = PBXFileReference; lastKnownFileType = folder.assetcatalog; path = Assets.xcassets; sourceTree = "<group>"; };
		B0E4AAEF2A87B48D00877B4B /* Base */ = {isa = PBXFileReference; lastKnownFileType = file.storyboard; name = Base; path = Base.lproj/LaunchScreen.storyboard; sourceTree = "<group>"; };
		B0E4AAF12A87B48D00877B4B /* Info.plist */ = {isa = PBXFileReference; lastKnownFileType = text.plist.xml; path = Info.plist; sourceTree = "<group>"; };
		B0F91F132A87EC10007D752A /* MasterTableViewCell.swift */ = {isa = PBXFileReference; lastKnownFileType = sourcecode.swift; path = MasterTableViewCell.swift; sourceTree = "<group>"; };
		B0F91F142A87EC10007D752A /* MasterTableViewCell.xib */ = {isa = PBXFileReference; lastKnownFileType = file.xib; path = MasterTableViewCell.xib; sourceTree = "<group>"; };
		B0F91F182A881706007D752A /* Constants.swift */ = {isa = PBXFileReference; lastKnownFileType = sourcecode.swift; path = Constants.swift; sourceTree = "<group>"; };
		B0F91F1C2A8819A4007D752A /* ArticleResponse.swift */ = {isa = PBXFileReference; lastKnownFileType = sourcecode.swift; path = ArticleResponse.swift; sourceTree = "<group>"; };
		B0F91F1E2A881A7A007D752A /* ArticleResult.swift */ = {isa = PBXFileReference; lastKnownFileType = sourcecode.swift; path = ArticleResult.swift; sourceTree = "<group>"; };
		B0F91F202A881B89007D752A /* Media.swift */ = {isa = PBXFileReference; lastKnownFileType = sourcecode.swift; path = Media.swift; sourceTree = "<group>"; };
		B0F91F222A881BE0007D752A /* MetaData.swift */ = {isa = PBXFileReference; lastKnownFileType = sourcecode.swift; path = MetaData.swift; sourceTree = "<group>"; };
		B0F91F252A8828EF007D752A /* KeyChain.swift */ = {isa = PBXFileReference; lastKnownFileType = sourcecode.swift; path = KeyChain.swift; sourceTree = "<group>"; };
		B0F91F272A88344E007D752A /* MasterViewModel.swift */ = {isa = PBXFileReference; lastKnownFileType = sourcecode.swift; path = MasterViewModel.swift; sourceTree = "<group>"; };
/* End PBXFileReference section */

/* Begin PBXFrameworksBuildPhase section */
		B08BE37C2A89890800D99508 /* Frameworks */ = {
			isa = PBXFrameworksBuildPhase;
			buildActionMask = 2147483647;
			files = (
			);
			runOnlyForDeploymentPostprocessing = 0;
		};
		B0E4AADD2A87B48D00877B4B /* Frameworks */ = {
			isa = PBXFrameworksBuildPhase;
			buildActionMask = 2147483647;
			files = (
			);
			runOnlyForDeploymentPostprocessing = 0;
		};
/* End PBXFrameworksBuildPhase section */

/* Begin PBXGroup section */
		B08BE35E2A88EC7F00D99508 /* Protocols */ = {
			isa = PBXGroup;
			children = (
				B08BE35F2A88EC9F00D99508 /* HomeTableViewCellViewModelDelegate.swift */,
				B08BE3612A88ECC400D99508 /* MasterDelegate.swift */,
			);
			path = Protocols;
			sourceTree = "<group>";
		};
		B08BE3632A88F87800D99508 /* DetailViewController */ = {
			isa = PBXGroup;
			children = (
				B08BE3642A88F8A300D99508 /* DetailViewController.swift */,
			);
			path = DetailViewController;
			sourceTree = "<group>";
		};
		B08BE3682A88F8A900D99508 /* HomeViewController */ = {
			isa = PBXGroup;
			children = (
				B0E4AAE72A87B48D00877B4B /* MasterViewController.swift */,
			);
			path = HomeViewController;
			sourceTree = "<group>";
		};
		B08BE36B2A8912B000D99508 /* SplitViewController */ = {
			isa = PBXGroup;
			children = (
				B08BE36C2A8912C700D99508 /* SplitViewController.swift */,
			);
			path = SplitViewController;
			sourceTree = "<group>";
		};
		B08BE36E2A89499600D99508 /* Repositories */ = {
			isa = PBXGroup;
			children = (
				B08BE3712A8949D500D99508 /* MasterArticlesRepository.swift */,
			);
			path = Repositories;
			sourceTree = "<group>";
		};
		B08BE3752A894E2F00D99508 /* Network */ = {
			isa = PBXGroup;
			children = (
				B08BE3762A894E4400D99508 /* NetworkUtils.swift */,
			);
			path = Network;
			sourceTree = "<group>";
		};
		B08BE3782A895CCB00D99508 /* Extension */ = {
			isa = PBXGroup;
			children = (
				B08BE3792A895CFC00D99508 /* VCExtension.swift */,
			);
			path = Extension;
			sourceTree = "<group>";
		};
		B08BE3802A89890800D99508 /* NewsAppTests */ = {
			isa = PBXGroup;
			children = (
				B08BE3812A89890800D99508 /* NewsAppTests.swift */,
				B08BE3882A898BE800D99508 /* NetworkTest.swift */,
			);
			path = NewsAppTests;
			sourceTree = "<group>";
		};
		B0E4AAD72A87B48C00877B4B = {
			isa = PBXGroup;
			children = (
				B0E4AAE22A87B48D00877B4B /* NewsApp */,
				B08BE3802A89890800D99508 /* NewsAppTests */,
				B0E4AAE12A87B48D00877B4B /* Products */,
			);
			sourceTree = "<group>";
		};
		B0E4AAE12A87B48D00877B4B /* Products */ = {
			isa = PBXGroup;
			children = (
				B0E4AAE02A87B48D00877B4B /* NewsApp.app */,
				B08BE37F2A89890800D99508 /* NewsAppTests.xctest */,
			);
			name = Products;
			sourceTree = "<group>";
		};
		B0E4AAE22A87B48D00877B4B /* NewsApp */ = {
			isa = PBXGroup;
			children = (
				B08BE3782A895CCB00D99508 /* Extension */,
				B08BE3752A894E2F00D99508 /* Network */,
				B08BE36E2A89499600D99508 /* Repositories */,
				B08BE35E2A88EC7F00D99508 /* Protocols */,
				B0F91F172A8816F0007D752A /* Constansts */,
				B0F91F112A87EAEC007D752A /* Services */,
				B0F91F102A87EAE7007D752A /* ViewModels */,
				B0F91F0F2A87EAE2007D752A /* Models */,
				B0F91F0C2A87EAA3007D752A /* Views */,
				B0F91F0B2A87EA8B007D752A /* AppDelegates */,
				B0E4AAEC2A87B48D00877B4B /* Assets.xcassets */,
				B0E4AAF12A87B48D00877B4B /* Info.plist */,
			);
			path = NewsApp;
			sourceTree = "<group>";
		};
		B0F91F0B2A87EA8B007D752A /* AppDelegates */ = {
			isa = PBXGroup;
			children = (
				B0E4AAE32A87B48D00877B4B /* AppDelegate.swift */,
				B0E4AAE52A87B48D00877B4B /* SceneDelegate.swift */,
			);
			path = AppDelegates;
			sourceTree = "<group>";
		};
		B0F91F0C2A87EAA3007D752A /* Views */ = {
			isa = PBXGroup;
			children = (
				B0F91F122A87EBF9007D752A /* Cells */,
				B0F91F0E2A87EAC0007D752A /* Storyboards */,
				B0F91F0D2A87EAAA007D752A /* Controllers */,
			);
			path = Views;
			sourceTree = "<group>";
		};
		B0F91F0D2A87EAAA007D752A /* Controllers */ = {
			isa = PBXGroup;
			children = (
				B08BE36B2A8912B000D99508 /* SplitViewController */,
				B08BE3682A88F8A900D99508 /* HomeViewController */,
				B08BE3632A88F87800D99508 /* DetailViewController */,
			);
			path = Controllers;
			sourceTree = "<group>";
		};
		B0F91F0E2A87EAC0007D752A /* Storyboards */ = {
			isa = PBXGroup;
			children = (
				B0E4AAE92A87B48D00877B4B /* Home.storyboard */,
				B0E4AAEE2A87B48D00877B4B /* LaunchScreen.storyboard */,
			);
			path = Storyboards;
			sourceTree = "<group>";
		};
		B0F91F0F2A87EAE2007D752A /* Models */ = {
			isa = PBXGroup;
			children = (
				B0F91F1C2A8819A4007D752A /* ArticleResponse.swift */,
				B0F91F1E2A881A7A007D752A /* ArticleResult.swift */,
				B0F91F202A881B89007D752A /* Media.swift */,
				B0F91F222A881BE0007D752A /* MetaData.swift */,
				B05F07392A88B66F00BA3AC8 /* ErrorResponse.swift */,
			);
			path = Models;
			sourceTree = "<group>";
		};
		B0F91F102A87EAE7007D752A /* ViewModels */ = {
			isa = PBXGroup;
			children = (
				B0F91F272A88344E007D752A /* MasterViewModel.swift */,
				B08BE35C2A88E00200D99508 /* MasterTableViewCellViewModel.swift */,
				B08BE3692A88FB2500D99508 /* DetailViewModel.swift */,
			);
			path = ViewModels;
			sourceTree = "<group>";
		};
		B0F91F112A87EAEC007D752A /* Services */ = {
			isa = PBXGroup;
			children = (
				B0F91F242A882870007D752A /* KeyChain */,
			);
			path = Services;
			sourceTree = "<group>";
		};
		B0F91F122A87EBF9007D752A /* Cells */ = {
			isa = PBXGroup;
			children = (
				B0F91F132A87EC10007D752A /* MasterTableViewCell.swift */,
				B0F91F142A87EC10007D752A /* MasterTableViewCell.xib */,
			);
			path = Cells;
			sourceTree = "<group>";
		};
		B0F91F172A8816F0007D752A /* Constansts */ = {
			isa = PBXGroup;
			children = (
				B0F91F182A881706007D752A /* Constants.swift */,
			);
			path = Constansts;
			sourceTree = "<group>";
		};
		B0F91F242A882870007D752A /* KeyChain */ = {
			isa = PBXGroup;
			children = (
				B0F91F252A8828EF007D752A /* KeyChain.swift */,
			);
			path = KeyChain;
			sourceTree = "<group>";
		};
/* End PBXGroup section */

/* Begin PBXNativeTarget section */
		B08BE37E2A89890800D99508 /* NewsAppTests */ = {
			isa = PBXNativeTarget;
			buildConfigurationList = B08BE3852A89890800D99508 /* Build configuration list for PBXNativeTarget "NewsAppTests" */;
			buildPhases = (
				B08BE37B2A89890800D99508 /* Sources */,
				B08BE37C2A89890800D99508 /* Frameworks */,
				B08BE37D2A89890800D99508 /* Resources */,
			);
			buildRules = (
			);
			dependencies = (
				B08BE3842A89890800D99508 /* PBXTargetDependency */,
			);
			name = NewsAppTests;
			productName = NewsAppTests;
			productReference = B08BE37F2A89890800D99508 /* NewsAppTests.xctest */;
			productType = "com.apple.product-type.bundle.unit-test";
		};
		B0E4AADF2A87B48D00877B4B /* NewsApp */ = {
			isa = PBXNativeTarget;
			buildConfigurationList = B0E4AAF42A87B48D00877B4B /* Build configuration list for PBXNativeTarget "NewsApp" */;
			buildPhases = (
				B0E4AADC2A87B48D00877B4B /* Sources */,
				B0E4AADD2A87B48D00877B4B /* Frameworks */,
				B0E4AADE2A87B48D00877B4B /* Resources */,
			);
			buildRules = (
			);
			dependencies = (
			);
			name = NewsApp;
			productName = NewsApp;
			productReference = B0E4AAE02A87B48D00877B4B /* NewsApp.app */;
			productType = "com.apple.product-type.application";
		};
/* End PBXNativeTarget section */

/* Begin PBXProject section */
		B0E4AAD82A87B48C00877B4B /* Project object */ = {
			isa = PBXProject;
			attributes = {
				BuildIndependentTargetsInParallel = 1;
				LastSwiftUpdateCheck = 1430;
				LastUpgradeCheck = 1430;
				TargetAttributes = {
					B08BE37E2A89890800D99508 = {
						CreatedOnToolsVersion = 14.3;
						TestTargetID = B0E4AADF2A87B48D00877B4B;
					};
					B0E4AADF2A87B48D00877B4B = {
						CreatedOnToolsVersion = 14.3;
					};
				};
			};
			buildConfigurationList = B0E4AADB2A87B48C00877B4B /* Build configuration list for PBXProject "NewsApp" */;
			compatibilityVersion = "Xcode 14.0";
			developmentRegion = en;
			hasScannedForEncodings = 0;
			knownRegions = (
				en,
				Base,
			);
			mainGroup = B0E4AAD72A87B48C00877B4B;
			productRefGroup = B0E4AAE12A87B48D00877B4B /* Products */;
			projectDirPath = "";
			projectRoot = "";
			targets = (
				B0E4AADF2A87B48D00877B4B /* NewsApp */,
				B08BE37E2A89890800D99508 /* NewsAppTests */,
			);
		};
/* End PBXProject section */

/* Begin PBXResourcesBuildPhase section */
		B08BE37D2A89890800D99508 /* Resources */ = {
			isa = PBXResourcesBuildPhase;
			buildActionMask = 2147483647;
			files = (
			);
			runOnlyForDeploymentPostprocessing = 0;
		};
		B0E4AADE2A87B48D00877B4B /* Resources */ = {
			isa = PBXResourcesBuildPhase;
			buildActionMask = 2147483647;
			files = (
				B0E4AAF02A87B48D00877B4B /* LaunchScreen.storyboard in Resources */,
				B0E4AAED2A87B48D00877B4B /* Assets.xcassets in Resources */,
				B0F91F162A87EC10007D752A /* MasterTableViewCell.xib in Resources */,
				B0E4AAEB2A87B48D00877B4B /* Home.storyboard in Resources */,
			);
			runOnlyForDeploymentPostprocessing = 0;
		};
/* End PBXResourcesBuildPhase section */

/* Begin PBXSourcesBuildPhase section */
		B08BE37B2A89890800D99508 /* Sources */ = {
			isa = PBXSourcesBuildPhase;
			buildActionMask = 2147483647;
			files = (
				B08BE3892A898BE800D99508 /* NetworkTest.swift in Sources */,
				B08BE3822A89890800D99508 /* NewsAppTests.swift in Sources */,
			);
			runOnlyForDeploymentPostprocessing = 0;
		};
		B0E4AADC2A87B48D00877B4B /* Sources */ = {
			isa = PBXSourcesBuildPhase;
			buildActionMask = 2147483647;
			files = (
				B0F91F262A8828EF007D752A /* KeyChain.swift in Sources */,
				B08BE3662A88F8A300D99508 /* DetailViewController.swift in Sources */,
				B0F91F1D2A8819A4007D752A /* ArticleResponse.swift in Sources */,
				B08BE3602A88EC9F00D99508 /* HomeTableViewCellViewModelDelegate.swift in Sources */,
				B0F91F1F2A881A7A007D752A /* ArticleResult.swift in Sources */,
				B08BE3772A894E4400D99508 /* NetworkUtils.swift in Sources */,
				B0E4AAE82A87B48D00877B4B /* MasterViewController.swift in Sources */,
				B0E4AAE42A87B48D00877B4B /* AppDelegate.swift in Sources */,
				B08BE3622A88ECC400D99508 /* MasterDelegate.swift in Sources */,
				B0F91F232A881BE0007D752A /* MetaData.swift in Sources */,
				B0F91F282A88344E007D752A /* MasterViewModel.swift in Sources */,
				B08BE37A2A895CFC00D99508 /* VCExtension.swift in Sources */,
				B0F91F212A881B89007D752A /* Media.swift in Sources */,
				B0F91F192A881706007D752A /* Constants.swift in Sources */,
				B08BE36A2A88FB2500D99508 /* DetailViewModel.swift in Sources */,
				B08BE35D2A88E00200D99508 /* MasterTableViewCellViewModel.swift in Sources */,
				B0F91F152A87EC10007D752A /* MasterTableViewCell.swift in Sources */,
				B0E4AAE62A87B48D00877B4B /* SceneDelegate.swift in Sources */,
				B08BE3722A8949D500D99508 /* MasterArticlesRepository.swift in Sources */,
				B08BE36D2A8912C700D99508 /* SplitViewController.swift in Sources */,
				B05F073A2A88B66F00BA3AC8 /* ErrorResponse.swift in Sources */,
			);
			runOnlyForDeploymentPostprocessing = 0;
		};
/* End PBXSourcesBuildPhase section */

/* Begin PBXTargetDependency section */
		B08BE3842A89890800D99508 /* PBXTargetDependency */ = {
			isa = PBXTargetDependency;
			target = B0E4AADF2A87B48D00877B4B /* NewsApp */;
			targetProxy = B08BE3832A89890800D99508 /* PBXContainerItemProxy */;
		};
/* End PBXTargetDependency section */

/* Begin PBXVariantGroup section */
		B0E4AAE92A87B48D00877B4B /* Home.storyboard */ = {
			isa = PBXVariantGroup;
			children = (
				B0E4AAEA2A87B48D00877B4B /* Base */,
			);
			name = Home.storyboard;
			sourceTree = "<group>";
		};
		B0E4AAEE2A87B48D00877B4B /* LaunchScreen.storyboard */ = {
			isa = PBXVariantGroup;
			children = (
				B0E4AAEF2A87B48D00877B4B /* Base */,
			);
			name = LaunchScreen.storyboard;
			sourceTree = "<group>";
		};
/* End PBXVariantGroup section */

/* Begin XCBuildConfiguration section */
		B08BE3862A89890800D99508 /* Debug */ = {
			isa = XCBuildConfiguration;
			buildSettings = {
				BUNDLE_LOADER = "$(TEST_HOST)";
				CODE_SIGN_STYLE = Automatic;
				CURRENT_PROJECT_VERSION = 1;
				GENERATE_INFOPLIST_FILE = YES;
				MARKETING_VERSION = 1.0;
				PRODUCT_BUNDLE_IDENTIFIER = iosapp.NewsAppTests;
				PRODUCT_NAME = "$(TARGET_NAME)";
				SWIFT_EMIT_LOC_STRINGS = NO;
				SWIFT_VERSION = 5.0;
				TARGETED_DEVICE_FAMILY = "1,2";
				TEST_HOST = "$(BUILT_PRODUCTS_DIR)/NewsApp.app/$(BUNDLE_EXECUTABLE_FOLDER_PATH)/NewsApp";
			};
			name = Debug;
		};
		B08BE3872A89890800D99508 /* Release */ = {
			isa = XCBuildConfiguration;
			buildSettings = {
				BUNDLE_LOADER = "$(TEST_HOST)";
				CODE_SIGN_STYLE = Automatic;
				CURRENT_PROJECT_VERSION = 1;
				GENERATE_INFOPLIST_FILE = YES;
				MARKETING_VERSION = 1.0;
				PRODUCT_BUNDLE_IDENTIFIER = iosapp.NewsAppTests;
				PRODUCT_NAME = "$(TARGET_NAME)";
				SWIFT_EMIT_LOC_STRINGS = NO;
				SWIFT_VERSION = 5.0;
				TARGETED_DEVICE_FAMILY = "1,2";
				TEST_HOST = "$(BUILT_PRODUCTS_DIR)/NewsApp.app/$(BUNDLE_EXECUTABLE_FOLDER_PATH)/NewsApp";
			};
			name = Release;
		};
		B0E4AAF22A87B48D00877B4B /* Debug */ = {
			isa = XCBuildConfiguration;
			buildSettings = {
				ALWAYS_SEARCH_USER_PATHS = NO;
				CLANG_ANALYZER_NONNULL = YES;
				CLANG_ANALYZER_NUMBER_OBJECT_CONVERSION = YES_AGGRESSIVE;
				CLANG_CXX_LANGUAGE_STANDARD = "gnu++20";
				CLANG_ENABLE_MODULES = YES;
				CLANG_ENABLE_OBJC_ARC = YES;
				CLANG_ENABLE_OBJC_WEAK = YES;
				CLANG_WARN_BLOCK_CAPTURE_AUTORELEASING = YES;
				CLANG_WARN_BOOL_CONVERSION = YES;
				CLANG_WARN_COMMA = YES;
				CLANG_WARN_CONSTANT_CONVERSION = YES;
				CLANG_WARN_DEPRECATED_OBJC_IMPLEMENTATIONS = YES;
				CLANG_WARN_DIRECT_OBJC_ISA_USAGE = YES_ERROR;
				CLANG_WARN_DOCUMENTATION_COMMENTS = YES;
				CLANG_WARN_EMPTY_BODY = YES;
				CLANG_WARN_ENUM_CONVERSION = YES;
				CLANG_WARN_INFINITE_RECURSION = YES;
				CLANG_WARN_INT_CONVERSION = YES;
				CLANG_WARN_NON_LITERAL_NULL_CONVERSION = YES;
				CLANG_WARN_OBJC_IMPLICIT_RETAIN_SELF = YES;
				CLANG_WARN_OBJC_LITERAL_CONVERSION = YES;
				CLANG_WARN_OBJC_ROOT_CLASS = YES_ERROR;
				CLANG_WARN_QUOTED_INCLUDE_IN_FRAMEWORK_HEADER = YES;
				CLANG_WARN_RANGE_LOOP_ANALYSIS = YES;
				CLANG_WARN_STRICT_PROTOTYPES = YES;
				CLANG_WARN_SUSPICIOUS_MOVE = YES;
				CLANG_WARN_UNGUARDED_AVAILABILITY = YES_AGGRESSIVE;
				CLANG_WARN_UNREACHABLE_CODE = YES;
				CLANG_WARN__DUPLICATE_METHOD_MATCH = YES;
				COPY_PHASE_STRIP = NO;
				DEBUG_INFORMATION_FORMAT = dwarf;
				ENABLE_STRICT_OBJC_MSGSEND = YES;
				ENABLE_TESTABILITY = YES;
				GCC_C_LANGUAGE_STANDARD = gnu11;
				GCC_DYNAMIC_NO_PIC = NO;
				GCC_NO_COMMON_BLOCKS = YES;
				GCC_OPTIMIZATION_LEVEL = 0;
				GCC_PREPROCESSOR_DEFINITIONS = (
					"DEBUG=1",
					"$(inherited)",
				);
				GCC_WARN_64_TO_32_BIT_CONVERSION = YES;
				GCC_WARN_ABOUT_RETURN_TYPE = YES_ERROR;
				GCC_WARN_UNDECLARED_SELECTOR = YES;
				GCC_WARN_UNINITIALIZED_AUTOS = YES_AGGRESSIVE;
				GCC_WARN_UNUSED_FUNCTION = YES;
				GCC_WARN_UNUSED_VARIABLE = YES;
				IPHONEOS_DEPLOYMENT_TARGET = 16.4;
				MTL_ENABLE_DEBUG_INFO = INCLUDE_SOURCE;
				MTL_FAST_MATH = YES;
				ONLY_ACTIVE_ARCH = YES;
				SDKROOT = iphoneos;
				SWIFT_ACTIVE_COMPILATION_CONDITIONS = DEBUG;
				SWIFT_OPTIMIZATION_LEVEL = "-Onone";
			};
			name = Debug;
		};
		B0E4AAF32A87B48D00877B4B /* Release */ = {
			isa = XCBuildConfiguration;
			buildSettings = {
				ALWAYS_SEARCH_USER_PATHS = NO;
				CLANG_ANALYZER_NONNULL = YES;
				CLANG_ANALYZER_NUMBER_OBJECT_CONVERSION = YES_AGGRESSIVE;
				CLANG_CXX_LANGUAGE_STANDARD = "gnu++20";
				CLANG_ENABLE_MODULES = YES;
				CLANG_ENABLE_OBJC_ARC = YES;
				CLANG_ENABLE_OBJC_WEAK = YES;
				CLANG_WARN_BLOCK_CAPTURE_AUTORELEASING = YES;
				CLANG_WARN_BOOL_CONVERSION = YES;
				CLANG_WARN_COMMA = YES;
				CLANG_WARN_CONSTANT_CONVERSION = YES;
				CLANG_WARN_DEPRECATED_OBJC_IMPLEMENTATIONS = YES;
				CLANG_WARN_DIRECT_OBJC_ISA_USAGE = YES_ERROR;
				CLANG_WARN_DOCUMENTATION_COMMENTS = YES;
				CLANG_WARN_EMPTY_BODY = YES;
				CLANG_WARN_ENUM_CONVERSION = YES;
				CLANG_WARN_INFINITE_RECURSION = YES;
				CLANG_WARN_INT_CONVERSION = YES;
				CLANG_WARN_NON_LITERAL_NULL_CONVERSION = YES;
				CLANG_WARN_OBJC_IMPLICIT_RETAIN_SELF = YES;
				CLANG_WARN_OBJC_LITERAL_CONVERSION = YES;
				CLANG_WARN_OBJC_ROOT_CLASS = YES_ERROR;
				CLANG_WARN_QUOTED_INCLUDE_IN_FRAMEWORK_HEADER = YES;
				CLANG_WARN_RANGE_LOOP_ANALYSIS = YES;
				CLANG_WARN_STRICT_PROTOTYPES = YES;
				CLANG_WARN_SUSPICIOUS_MOVE = YES;
				CLANG_WARN_UNGUARDED_AVAILABILITY = YES_AGGRESSIVE;
				CLANG_WARN_UNREACHABLE_CODE = YES;
				CLANG_WARN__DUPLICATE_METHOD_MATCH = YES;
				COPY_PHASE_STRIP = NO;
				DEBUG_INFORMATION_FORMAT = "dwarf-with-dsym";
				ENABLE_NS_ASSERTIONS = NO;
				ENABLE_STRICT_OBJC_MSGSEND = YES;
				GCC_C_LANGUAGE_STANDARD = gnu11;
				GCC_NO_COMMON_BLOCKS = YES;
				GCC_WARN_64_TO_32_BIT_CONVERSION = YES;
				GCC_WARN_ABOUT_RETURN_TYPE = YES_ERROR;
				GCC_WARN_UNDECLARED_SELECTOR = YES;
				GCC_WARN_UNINITIALIZED_AUTOS = YES_AGGRESSIVE;
				GCC_WARN_UNUSED_FUNCTION = YES;
				GCC_WARN_UNUSED_VARIABLE = YES;
				IPHONEOS_DEPLOYMENT_TARGET = 16.4;
				MTL_ENABLE_DEBUG_INFO = NO;
				MTL_FAST_MATH = YES;
				SDKROOT = iphoneos;
				SWIFT_COMPILATION_MODE = wholemodule;
				SWIFT_OPTIMIZATION_LEVEL = "-O";
				VALIDATE_PRODUCT = YES;
			};
			name = Release;
		};
		B0E4AAF52A87B48D00877B4B /* Debug */ = {
			isa = XCBuildConfiguration;
			buildSettings = {
				ASSETCATALOG_COMPILER_APPICON_NAME = AppIcon;
				ASSETCATALOG_COMPILER_GLOBAL_ACCENT_COLOR_NAME = AccentColor;
				CODE_SIGN_STYLE = Automatic;
				CURRENT_PROJECT_VERSION = 1;
				GENERATE_INFOPLIST_FILE = YES;
				INFOPLIST_FILE = NewsApp/Info.plist;
				INFOPLIST_KEY_NSMainStoryboardFile = Home;
				INFOPLIST_KEY_UIApplicationSupportsIndirectInputEvents = YES;
				INFOPLIST_KEY_UILaunchStoryboardName = LaunchScreen;
				INFOPLIST_KEY_UIMainStoryboardFile = Home;
				INFOPLIST_KEY_UISupportedInterfaceOrientations_iPad = "UIInterfaceOrientationPortrait UIInterfaceOrientationPortraitUpsideDown UIInterfaceOrientationLandscapeLeft UIInterfaceOrientationLandscapeRight";
				INFOPLIST_KEY_UISupportedInterfaceOrientations_iPhone = "UIInterfaceOrientationPortrait UIInterfaceOrientationLandscapeLeft UIInterfaceOrientationLandscapeRight";
				LD_RUNPATH_SEARCH_PATHS = (
					"$(inherited)",
					"@executable_path/Frameworks",
				);
				MARKETING_VERSION = 1.0;
				PRODUCT_BUNDLE_IDENTIFIER = iosapp.NewsApp;
				PRODUCT_NAME = "$(TARGET_NAME)";
				SWIFT_EMIT_LOC_STRINGS = YES;
				SWIFT_VERSION = 5.0;
				TARGETED_DEVICE_FAMILY = "1,2";
			};
			name = Debug;
		};
		B0E4AAF62A87B48D00877B4B /* Release */ = {
			isa = XCBuildConfiguration;
			buildSettings = {
				ASSETCATALOG_COMPILER_APPICON_NAME = AppIcon;
				ASSETCATALOG_COMPILER_GLOBAL_ACCENT_COLOR_NAME = AccentColor;
				CODE_SIGN_STYLE = Automatic;
				CURRENT_PROJECT_VERSION = 1;
				GENERATE_INFOPLIST_FILE = YES;
				INFOPLIST_FILE = NewsApp/Info.plist;
				INFOPLIST_KEY_NSMainStoryboardFile = Home;
				INFOPLIST_KEY_UIApplicationSupportsIndirectInputEvents = YES;
				INFOPLIST_KEY_UILaunchStoryboardName = LaunchScreen;
				INFOPLIST_KEY_UIMainStoryboardFile = Home;
				INFOPLIST_KEY_UISupportedInterfaceOrientations_iPad = "UIInterfaceOrientationPortrait UIInterfaceOrientationPortraitUpsideDown UIInterfaceOrientationLandscapeLeft UIInterfaceOrientationLandscapeRight";
				INFOPLIST_KEY_UISupportedInterfaceOrientations_iPhone = "UIInterfaceOrientationPortrait UIInterfaceOrientationLandscapeLeft UIInterfaceOrientationLandscapeRight";
				LD_RUNPATH_SEARCH_PATHS = (
					"$(inherited)",
					"@executable_path/Frameworks",
				);
				MARKETING_VERSION = 1.0;
				PRODUCT_BUNDLE_IDENTIFIER = iosapp.NewsApp;
				PRODUCT_NAME = "$(TARGET_NAME)";
				SWIFT_EMIT_LOC_STRINGS = YES;
				SWIFT_VERSION = 5.0;
				TARGETED_DEVICE_FAMILY = "1,2";
			};
			name = Release;
		};
/* End XCBuildConfiguration section */

/* Begin XCConfigurationList section */
		B08BE3852A89890800D99508 /* Build configuration list for PBXNativeTarget "NewsAppTests" */ = {
			isa = XCConfigurationList;
			buildConfigurations = (
				B08BE3862A89890800D99508 /* Debug */,
				B08BE3872A89890800D99508 /* Release */,
			);
			defaultConfigurationIsVisible = 0;
			defaultConfigurationName = Release;
		};
		B0E4AADB2A87B48C00877B4B /* Build configuration list for PBXProject "NewsApp" */ = {
			isa = XCConfigurationList;
			buildConfigurations = (
				B0E4AAF22A87B48D00877B4B /* Debug */,
				B0E4AAF32A87B48D00877B4B /* Release */,
			);
			defaultConfigurationIsVisible = 0;
			defaultConfigurationName = Release;
		};
		B0E4AAF42A87B48D00877B4B /* Build configuration list for PBXNativeTarget "NewsApp" */ = {
			isa = XCConfigurationList;
			buildConfigurations = (
				B0E4AAF52A87B48D00877B4B /* Debug */,
				B0E4AAF62A87B48D00877B4B /* Release */,
			);
			defaultConfigurationIsVisible = 0;
			defaultConfigurationName = Release;
		};
/* End XCConfigurationList section */
	};
	rootObject = B0E4AAD82A87B48C00877B4B /* Project object */;
}
